// !$*UTF8*$!
{
	archiveVersion = 1;
	classes = {
	};
	objectVersion = 46;
	objects = {

/* Begin PBXBuildFile section */
		45AFAF331BA65FFA00929091 /* main.m in Sources */ = {isa = PBXBuildFile; fileRef = 45AFAF321BA65FFA00929091 /* main.m */; };
		45AFAF361BA65FFA00929091 /* AppDelegate.m in Sources */ = {isa = PBXBuildFile; fileRef = 45AFAF351BA65FFA00929091 /* AppDelegate.m */; };
		45AFAF391BA65FFA00929091 /* TestWebView.xcdatamodeld in Sources */ = {isa = PBXBuildFile; fileRef = 45AFAF371BA65FFA00929091 /* TestWebView.xcdatamodeld */; };
		45AFAF3C1BA65FFA00929091 /* ViewController.m in Sources */ = {isa = PBXBuildFile; fileRef = 45AFAF3B1BA65FFA00929091 /* ViewController.m */; };
		45AFAF3F1BA65FFA00929091 /* Main.storyboard in Resources */ = {isa = PBXBuildFile; fileRef = 45AFAF3D1BA65FFA00929091 /* Main.storyboard */; };
		45AFAF411BA65FFA00929091 /* Images.xcassets in Resources */ = {isa = PBXBuildFile; fileRef = 45AFAF401BA65FFA00929091 /* Images.xcassets */; };
		45AFAF441BA65FFA00929091 /* LaunchScreen.xib in Resources */ = {isa = PBXBuildFile; fileRef = 45AFAF421BA65FFA00929091 /* LaunchScreen.xib */; };
		45AFAF501BA65FFA00929091 /* TestWebViewTests.m in Sources */ = {isa = PBXBuildFile; fileRef = 45AFAF4F1BA65FFA00929091 /* TestWebViewTests.m */; };
/* End PBXBuildFile section */

/* Begin PBXContainerItemProxy section */
		45AFAF4A1BA65FFA00929091 /* PBXContainerItemProxy */ = {
			isa = PBXContainerItemProxy;
			containerPortal = 45AFAF251BA65FF900929091 /* Project object */;
			proxyType = 1;
			remoteGlobalIDString = 45AFAF2C1BA65FFA00929091;
			remoteInfo = TestWebView;
		};
/* End PBXContainerItemProxy section */

/* Begin PBXFileReference section */
		45AFAF2D1BA65FFA00929091 /* TestWebView.app */ = {isa = PBXFileReference; explicitFileType = wrapper.application; includeInIndex = 0; path = TestWebView.app; sourceTree = BUILT_PRODUCTS_DIR; };
		45AFAF311BA65FFA00929091 /* Info.plist */ = {isa = PBXFileReference; lastKnownFileType = text.plist.xml; path = Info.plist; sourceTree = "<group>"; };
		45AFAF321BA65FFA00929091 /* main.m */ = {isa = PBXFileReference; lastKnownFileType = sourcecode.c.objc; path = main.m; sourceTree = "<group>"; };
		45AFAF341BA65FFA00929091 /* AppDelegate.h */ = {isa = PBXFileReference; lastKnownFileType = sourcecode.c.h; path = AppDelegate.h; sourceTree = "<group>"; };
		45AFAF351BA65FFA00929091 /* AppDelegate.m */ = {isa = PBXFileReference; lastKnownFileType = sourcecode.c.objc; path = AppDelegate.m; sourceTree = "<group>"; };
		45AFAF381BA65FFA00929091 /* TestWebView.xcdatamodel */ = {isa = PBXFileReference; lastKnownFileType = wrapper.xcdatamodel; path = TestWebView.xcdatamodel; sourceTree = "<group>"; };
		45AFAF3A1BA65FFA00929091 /* ViewController.h */ = {isa = PBXFileReference; lastKnownFileType = sourcecode.c.h; path = ViewController.h; sourceTree = "<group>"; };
		45AFAF3B1BA65FFA00929091 /* ViewController.m */ = {isa = PBXFileReference; lastKnownFileType = sourcecode.c.objc; path = ViewController.m; sourceTree = "<group>"; };
		45AFAF3E1BA65FFA00929091 /* Base */ = {isa = PBXFileReference; lastKnownFileType = file.storyboard; name = Base; path = Base.lproj/Main.storyboard; sourceTree = "<group>"; };
		45AFAF401BA65FFA00929091 /* Images.xcassets */ = {isa = PBXFileReference; lastKnownFileType = folder.assetcatalog; path = Images.xcassets; sourceTree = "<group>"; };
		45AFAF431BA65FFA00929091 /* Base */ = {isa = PBXFileReference; lastKnownFileType = file.xib; name = Base; path = Base.lproj/LaunchScreen.xib; sourceTree = "<group>"; };
		45AFAF491BA65FFA00929091 /* TestWebViewTests.xctest */ = {isa = PBXFileReference; explicitFileType = wrapper.cfbundle; includeInIndex = 0; path = TestWebViewTests.xctest; sourceTree = BUILT_PRODUCTS_DIR; };
		45AFAF4E1BA65FFA00929091 /* Info.plist */ = {isa = PBXFileReference; lastKnownFileType = text.plist.xml; path = Info.plist; sourceTree = "<group>"; };
		45AFAF4F1BA65FFA00929091 /* TestWebViewTests.m */ = {isa = PBXFileReference; lastKnownFileType = sourcecode.c.objc; path = TestWebViewTests.m; sourceTree = "<group>"; };
/* End PBXFileReference section */

/* Begin PBXFrameworksBuildPhase section */
		45AFAF2A1BA65FFA00929091 /* Frameworks */ = {
			isa = PBXFrameworksBuildPhase;
			buildActionMask = 2147483647;
			files = (
			);
			runOnlyForDeploymentPostprocessing = 0;
		};
		45AFAF461BA65FFA00929091 /* Frameworks */ = {
			isa = PBXFrameworksBuildPhase;
			buildActionMask = 2147483647;
			files = (
			);
			runOnlyForDeploymentPostprocessing = 0;
		};
/* End PBXFrameworksBuildPhase section */

/* Begin PBXGroup section */
		45AFAF241BA65FF900929091 = {
			isa = PBXGroup;
			children = (
				45AFAF2F1BA65FFA00929091 /* TestWebView */,
				45AFAF4C1BA65FFA00929091 /* TestWebViewTests */,
				45AFAF2E1BA65FFA00929091 /* Products */,
			);
			sourceTree = "<group>";
		};
		45AFAF2E1BA65FFA00929091 /* Products */ = {
			isa = PBXGroup;
			children = (
				45AFAF2D1BA65FFA00929091 /* TestWebView.app */,
				45AFAF491BA65FFA00929091 /* TestWebViewTests.xctest */,
			);
			name = Products;
			sourceTree = "<group>";
		};
		45AFAF2F1BA65FFA00929091 /* TestWebView */ = {
			isa = PBXGroup;
			children = (
				45AFAF341BA65FFA00929091 /* AppDelegate.h */,
				45AFAF351BA65FFA00929091 /* AppDelegate.m */,
				45AFAF3A1BA65FFA00929091 /* ViewController.h */,
				45AFAF3B1BA65FFA00929091 /* ViewController.m */,
				45AFAF3D1BA65FFA00929091 /* Main.storyboard */,
				45AFAF401BA65FFA00929091 /* Images.xcassets */,
				45AFAF421BA65FFA00929091 /* LaunchScreen.xib */,
				45AFAF371BA65FFA00929091 /* TestWebView.xcdatamodeld */,
				45AFAF301BA65FFA00929091 /* Supporting Files */,
			);
			path = TestWebView;
			sourceTree = "<group>";
		};
		45AFAF301BA65FFA00929091 /* Supporting Files */ = {
			isa = PBXGroup;
			children = (
				45AFAF311BA65FFA00929091 /* Info.plist */,
				45AFAF321BA65FFA00929091 /* main.m */,
			);
			name = "Supporting Files";
			sourceTree = "<group>";
		};
		45AFAF4C1BA65FFA00929091 /* TestWebViewTests */ = {
			isa = PBXGroup;
			children = (
				45AFAF4F1BA65FFA00929091 /* TestWebViewTests.m */,
				45AFAF4D1BA65FFA00929091 /* Supporting Files */,
			);
			path = TestWebViewTests;
			sourceTree = "<group>";
		};
		45AFAF4D1BA65FFA00929091 /* Supporting Files */ = {
			isa = PBXGroup;
			children = (
				45AFAF4E1BA65FFA00929091 /* Info.plist */,
			);
			name = "Supporting Files";
			sourceTree = "<group>";
		};
/* End PBXGroup section */

/* Begin PBXNativeTarget section */
		45AFAF2C1BA65FFA00929091 /* TestWebView */ = {
			isa = PBXNativeTarget;
			buildConfigurationList = 45AFAF531BA65FFA00929091 /* Build configuration list for PBXNativeTarget "TestWebView" */;
			buildPhases = (
				45AFAF291BA65FFA00929091 /* Sources */,
				45AFAF2A1BA65FFA00929091 /* Frameworks */,
				45AFAF2B1BA65FFA00929091 /* Resources */,
			);
			buildRules = (
			);
			dependencies = (
			);
			name = TestWebView;
			productName = TestWebView;
			productReference = 45AFAF2D1BA65FFA00929091 /* TestWebView.app */;
			productType = "com.apple.product-type.application";
		};
		45AFAF481BA65FFA00929091 /* TestWebViewTests */ = {
			isa = PBXNativeTarget;
			buildConfigurationList = 45AFAF561BA65FFA00929091 /* Build configuration list for PBXNativeTarget "TestWebViewTests" */;
			buildPhases = (
				45AFAF451BA65FFA00929091 /* Sources */,
				45AFAF461BA65FFA00929091 /* Frameworks */,
				45AFAF471BA65FFA00929091 /* Resources */,
			);
			buildRules = (
			);
			dependencies = (
				45AFAF4B1BA65FFA00929091 /* PBXTargetDependency */,
			);
			name = TestWebViewTests;
			productName = TestWebViewTests;
			productReference = 45AFAF491BA65FFA00929091 /* TestWebViewTests.xctest */;
			productType = "com.apple.product-type.bundle.unit-test";
		};
/* End PBXNativeTarget section */

/* Begin PBXProject section */
		45AFAF251BA65FF900929091 /* Project object */ = {
			isa = PBXProject;
			attributes = {
				LastUpgradeCheck = 0640;
				ORGANIZATIONNAME = "程志志";
				TargetAttributes = {
					45AFAF2C1BA65FFA00929091 = {
						CreatedOnToolsVersion = 6.4;
					};
					45AFAF481BA65FFA00929091 = {
						CreatedOnToolsVersion = 6.4;
						TestTargetID = 45AFAF2C1BA65FFA00929091;
					};
				};
			};
			buildConfigurationList = 45AFAF281BA65FF900929091 /* Build configuration list for PBXProject "TestWebView" */;
			compatibilityVersion = "Xcode 3.2";
			developmentRegion = English;
			hasScannedForEncodings = 0;
			knownRegions = (
				en,
				Base,
			);
			mainGroup = 45AFAF241BA65FF900929091;
			productRefGroup = 45AFAF2E1BA65FFA00929091 /* Products */;
			projectDirPath = "";
			projectRoot = "";
			targets = (
				45AFAF2C1BA65FFA00929091 /* TestWebView */,
				45AFAF481BA65FFA00929091 /* TestWebViewTests */,
			);
		};
/* End PBXProject section */

/* Begin PBXResourcesBuildPhase section */
		45AFAF2B1BA65FFA00929091 /* Resources */ = {
			isa = PBXResourcesBuildPhase;
			buildActionMask = 2147483647;
			files = (
				45AFAF3F1BA65FFA00929091 /* Main.storyboard in Resources */,
				45AFAF441BA65FFA00929091 /* LaunchScreen.xib in Resources */,
				45AFAF411BA65FFA00929091 /* Images.xcassets in Resources */,
			);
			runOnlyForDeploymentPostprocessing = 0;
		};
		45AFAF471BA65FFA00929091 /* Resources */ = {
			isa = PBXResourcesBuildPhase;
			buildActionMask = 2147483647;
			files = (
			);
			runOnlyForDeploymentPostprocessing = 0;
		};
/* End PBXResourcesBuildPhase section */

/* Begin PBXSourcesBuildPhase section */
		45AFAF291BA65FFA00929091 /* Sources */ = {
			isa = PBXSourcesBuildPhase;
			buildActionMask = 2147483647;
			files = (
				45AFAF361BA65FFA00929091 /* AppDelegate.m in Sources */,
				45AFAF331BA65FFA00929091 /* main.m in Sources */,
				45AFAF3C1BA65FFA00929091 /* ViewController.m in Sources */,
				45AFAF391BA65FFA00929091 /* TestWebView.xcdatamodeld in Sources */,
			);
			runOnlyForDeploymentPostprocessing = 0;
		};
		45AFAF451BA65FFA00929091 /* Sources */ = {
			isa = PBXSourcesBuildPhase;
			buildActionMask = 2147483647;
			files = (
				45AFAF501BA65FFA00929091 /* TestWebViewTests.m in Sources */,
			);
			runOnlyForDeploymentPostprocessing = 0;
		};
/* End PBXSourcesBuildPhase section */

/* Begin PBXTargetDependency section */
		45AFAF4B1BA65FFA00929091 /* PBXTargetDependency */ = {
			isa = PBXTargetDependency;
			target = 45AFAF2C1BA65FFA00929091 /* TestWebView */;
			targetProxy = 45AFAF4A1BA65FFA00929091 /* PBXContainerItemProxy */;
		};
/* End PBXTargetDependency section */

/* Begin PBXVariantGroup section */
		45AFAF3D1BA65FFA00929091 /* Main.storyboard */ = {
			isa = PBXVariantGroup;
			children = (
				45AFAF3E1BA65FFA00929091 /* Base */,
			);
			name = Main.storyboard;
			sourceTree = "<group>";
		};
		45AFAF421BA65FFA00929091 /* LaunchScreen.xib */ = {
			isa = PBXVariantGroup;
			children = (
				45AFAF431BA65FFA00929091 /* Base */,
			);
			name = LaunchScreen.xib;
			sourceTree = "<group>";
		};
/* End PBXVariantGroup section */

/* Begin XCBuildConfiguration section */
		45AFAF511BA65FFA00929091 /* Debug */ = {
			isa = XCBuildConfiguration;
			buildSettings = {
				ALWAYS_SEARCH_USER_PATHS = NO;
				CLANG_CXX_LANGUAGE_STANDARD = "gnu++0x";
				CLANG_CXX_LIBRARY = "libc++";
				CLANG_ENABLE_MODULES = YES;
				CLANG_ENABLE_OBJC_ARC = YES;
				CLANG_WARN_BOOL_CONVERSION = YES;
				CLANG_WARN_CONSTANT_CONVERSION = YES;
				CLANG_WARN_DIRECT_OBJC_ISA_USAGE = YES_ERROR;
				CLANG_WARN_EMPTY_BODY = YES;
				CLANG_WARN_ENUM_CONVERSION = YES;
				CLANG_WARN_INT_CONVERSION = YES;
				CLANG_WARN_OBJC_ROOT_CLASS = YES_ERROR;
				CLANG_WARN_UNREACHABLE_CODE = YES;
				CLANG_WARN__DUPLICATE_METHOD_MATCH = YES;
				"CODE_SIGN_IDENTITY[sdk=iphoneos*]" = "iPhone Developer";
				COPY_PHASE_STRIP = NO;
				DEBUG_INFORMATION_FORMAT = "dwarf-with-dsym";
				ENABLE_STRICT_OBJC_MSGSEND = YES;
				GCC_C_LANGUAGE_STANDARD = gnu99;
				GCC_DYNAMIC_NO_PIC = NO;
				GCC_NO_COMMON_BLOCKS = YES;
				GCC_OPTIMIZATION_LEVEL = 0;
				GCC_PREPROCESSOR_DEFINITIONS = (
					"DEBUG=1",
					"$(inherited)",
				);
				GCC_SYMBOLS_PRIVATE_EXTERN = NO;
				GCC_WARN_64_TO_32_BIT_CONVERSION = YES;
				GCC_WARN_ABOUT_RETURN_TYPE = YES_ERROR;
				GCC_WARN_UNDECLARED_SELECTOR = YES;
				GCC_WARN_UNINITIALIZED_AUTOS = YES_AGGRESSIVE;
				GCC_WARN_UNUSED_FUNCTION = YES;
				GCC_WARN_UNUSED_VARIABLE = YES;
				IPHONEOS_DEPLOYMENT_TARGET = 8.4;
				MTL_ENABLE_DEBUG_INFO = YES;
				ONLY_ACTIVE_ARCH = YES;
				SDKROOT = iphoneos;
			};
			name = Debug;
		};
		45AFAF521BA65FFA00929091 /* Release */ = {
			isa = XCBuildConfiguration;
			buildSettings = {
				ALWAYS_SEARCH_USER_PATHS = NO;
				CLANG_CXX_LANGUAGE_STANDARD = "gnu++0x";
				CLANG_CXX_LIBRARY = "libc++";
				CLANG_ENABLE_MODULES = YES;
				CLANG_ENABLE_OBJC_ARC = YES;
				CLANG_WARN_BOOL_CONVERSION = YES;
				CLANG_WARN_CONSTANT_CONVERSION = YES;
				CLANG_WARN_DIRECT_OBJC_ISA_USAGE = YES_ERROR;
				CLANG_WARN_EMPTY_BODY = YES;
				CLANG_WARN_ENUM_CONVERSION = YES;
				CLANG_WARN_INT_CONVERSION = YES;
				CLANG_WARN_OBJC_ROOT_CLASS = YES_ERROR;
				CLANG_WARN_UNREACHABLE_CODE = YES;
				CLANG_WARN__DUPLICATE_METHOD_MATCH = YES;
				"CODE_SIGN_IDENTITY[sdk=iphoneos*]" = "iPhone Developer";
				COPY_PHASE_STRIP = NO;
				DEBUG_INFORMATION_FORMAT = "dwarf-with-dsym";
				ENABLE_NS_ASSERTIONS = NO;
				ENABLE_STRICT_OBJC_MSGSEND = YES;
				GCC_C_LANGUAGE_STANDARD = gnu99;
				GCC_NO_COMMON_BLOCKS = YES;
				GCC_WARN_64_TO_32_BIT_CONVERSION = YES;
				GCC_WARN_ABOUT_RETURN_TYPE = YES_ERROR;
				GCC_WARN_UNDECLARED_SELECTOR = YES;
				GCC_WARN_UNINITIALIZED_AUTOS = YES_AGGRESSIVE;
				GCC_WARN_UNUSED_FUNCTION = YES;
				GCC_WARN_UNUSED_VARIABLE = YES;
				IPHONEOS_DEPLOYMENT_TARGET = 8.4;
				MTL_ENABLE_DEBUG_INFO = NO;
				SDKROOT = iphoneos;
				VALIDATE_PRODUCT = YES;
			};
			name = Release;
		};
		45AFAF541BA65FFA00929091 /* Debug */ = {
			isa = XCBuildConfiguration;
			buildSettings = {
				ASSETCATALOG_COMPILER_APPICON_NAME = AppIcon;
				INFOPLIST_FILE = TestWebView/Info.plist;
				LD_RUNPATH_SEARCH_PATHS = "$(inherited) @executable_path/Frameworks";
				PRODUCT_NAME = "$(TARGET_NAME)";
			};
			name = Debug;
		};
		45AFAF551BA65FFA00929091 /* Release */ = {
			isa = XCBuildConfiguration;
			buildSettings = {
				ASSETCATALOG_COMPILER_APPICON_NAME = AppIcon;
				INFOPLIST_FILE = TestWebView/Info.plist;
				LD_RUNPATH_SEARCH_PATHS = "$(inherited) @executable_path/Frameworks";
				PRODUCT_NAME = "$(TARGET_NAME)";
			};
			name = Release;
		};
		45AFAF571BA65FFA00929091 /* Debug */ = {
			isa = XCBuildConfiguration;
			buildSettings = {
				BUNDLE_LOADER = "$(TEST_HOST)";
				FRAMEWORK_SEARCH_PATHS = (
					"$(SDKROOT)/Developer/Library/Frameworks",
					"$(inherited)",
				);
				GCC_PREPROCESSOR_DEFINITIONS = (
					"DEBUG=1",
					"$(inherited)",
				);
				INFOPLIST_FILE = TestWebViewTests/Info.plist;
				LD_RUNPATH_SEARCH_PATHS = "$(inherited) @executable_path/Frameworks @loader_path/Frameworks";
				PRODUCT_NAME = "$(TARGET_NAME)";
				TEST_HOST = "$(BUILT_PRODUCTS_DIR)/TestWebView.app/TestWebView";
			};
			name = Debug;
		};
		45AFAF581BA65FFA00929091 /* Release */ = {
			isa = XCBuildConfiguration;
			buildSettings = {
				BUNDLE_LOADER = "$(TEST_HOST)";
				FRAMEWORK_SEARCH_PATHS = (
					"$(SDKROOT)/Developer/Library/Frameworks",
					"$(inherited)",
				);
				INFOPLIST_FILE = TestWebViewTests/Info.plist;
				LD_RUNPATH_SEARCH_PATHS = "$(inherited) @executable_path/Frameworks @loader_path/Frameworks";
				PRODUCT_NAME = "$(TARGET_NAME)";
				TEST_HOST = "$(BUILT_PRODUCTS_DIR)/TestWebView.app/TestWebView";
			};
			name = Release;
		};
/* End XCBuildConfiguration section */

/* Begin XCConfigurationList section */
		45AFAF281BA65FF900929091 /* Build configuration list for PBXProject "TestWebView" */ = {
			isa = XCConfigurationList;
			buildConfigurations = (
				45AFAF511BA65FFA00929091 /* Debug */,
				45AFAF521BA65FFA00929091 /* Release */,
			);
			defaultConfigurationIsVisible = 0;
			defaultConfigurationName = Release;
		};
		45AFAF531BA65FFA00929091 /* Build configuration list for PBXNativeTarget "TestWebView" */ = {
			isa = XCConfigurationList;
			buildConfigurations = (
				45AFAF541BA65FFA00929091 /* Debug */,
				45AFAF551BA65FFA00929091 /* Release */,
			);
			defaultConfigurationIsVisible = 0;
		};
		45AFAF561BA65FFA00929091 /* Build configuration list for PBXNativeTarget "TestWebViewTests" */ = {
			isa = XCConfigurationList;
			buildConfigurations = (
				45AFAF571BA65FFA00929091 /* Debug */,
				45AFAF581BA65FFA00929091 /* Release */,
			);
			defaultConfigurationIsVisible = 0;
		};
/* End XCConfigurationList section */

/* Begin XCVersionGroup section */
		45AFAF371BA65FFA00929091 /* TestWebView.xcdatamodeld */ = {
			isa = XCVersionGroup;
			children = (
				45AFAF381BA65FFA00929091 /* TestWebView.xcdatamodel */,
			);
			currentVersion = 45AFAF381BA65FFA00929091 /* TestWebView.xcdatamodel */;
			path = TestWebView.xcdatamodeld;
			sourceTree = "<group>";
			versionGroupType = wrapper.xcdatamodel;
		};
/* End XCVersionGroup section */
	};
	rootObject = 45AFAF251BA65FF900929091 /* Project object */;
}
